
Microsoft Visual Studio Solution File, Format Version 12.00
# Visual Studio 2012
Project("{FAE04EC0-301F-11D3-BF4B-00C04F79EFBC}") = "DiceParser", "DiceParser\DiceParser.csproj", "{5FD82B56-47A4-4AB0-BF55-1F4465D571A6}"
EndProject
Project("{FAE04EC0-301F-11D3-BF4B-00C04F79EFBC}") = "FluentParser", "..\..\fluent-parser\FluentParser\FluentParser.csproj", "{10DFC011-CABD-45CC-ADE4-069130051973}"
EndProject
Project("{FAE04EC0-301F-11D3-BF4B-00C04F79EFBC}") = "FluentParserSpecs", "..\..\fluent-parser\FluentParserSpecs\FluentParserSpecs.csproj", "{268CFE6C-4AAB-48A8-AF8C-6BD724AAC415}"
EndProject
Project("{FAE04EC0-301F-11D3-BF4B-00C04F79EFBC}") = "CraigslistParser", "..\..\fluent-parser\CraigslistParser\CraigslistParser.csproj", "{6E71E620-EEDD-483A-950C-C2CCB42166E7}"
EndProject
Project("{FAE04EC0-301F-11D3-BF4B-00C04F79EFBC}") = "TR.HttpUtilities", "..\..\fluent-parser\TR.HttpUtilities\TR.HttpUtilities.csproj", "{7224C099-813D-4D1C-9E28-62E65A47AB49}"
EndProject
Global
	GlobalSection(SolutionConfigurationPlatforms) = preSolution
		Debug|Any CPU = Debug|Any CPU
		Release|Any CPU = Release|Any CPU
	EndGlobalSection
	GlobalSection(ProjectConfigurationPlatforms) = postSolution
		{5FD82B56-47A4-4AB0-BF55-1F4465D571A6}.Debug|Any CPU.ActiveCfg = Debug|Any CPU
		{5FD82B56-47A4-4AB0-BF55-1F4465D571A6}.Debug|Any CPU.Build.0 = Debug|Any CPU
		{5FD82B56-47A4-4AB0-BF55-1F4465D571A6}.Release|Any CPU.ActiveCfg = Release|Any CPU
		{5FD82B56-47A4-4AB0-BF55-1F4465D571A6}.Release|Any CPU.Build.0 = Release|Any CPU
		{10DFC011-CABD-45CC-ADE4-069130051973}.Debug|Any CPU.ActiveCfg = Debug|Any CPU
		{10DFC011-CABD-45CC-ADE4-069130051973}.Debug|Any CPU.Build.0 = Debug|Any CPU
		{10DFC011-CABD-45CC-ADE4-069130051973}.Release|Any CPU.ActiveCfg = Release|Any CPU
		{10DFC011-CABD-45CC-ADE4-069130051973}.Release|Any CPU.Build.0 = Release|Any CPU
		{268CFE6C-4AAB-48A8-AF8C-6BD724AAC415}.Debug|Any CPU.ActiveCfg = Debug|Any CPU
		{268CFE6C-4AAB-48A8-AF8C-6BD724AAC415}.Debug|Any CPU.Build.0 = Debug|Any CPU
		{268CFE6C-4AAB-48A8-AF8C-6BD724AAC415}.Release|Any CPU.ActiveCfg = Release|Any CPU
		{268CFE6C-4AAB-48A8-AF8C-6BD724AAC415}.Release|Any CPU.Build.0 = Release|Any CPU
		{6E71E620-EEDD-483A-950C-C2CCB42166E7}.Debug|Any CPU.ActiveCfg = Debug|Any CPU
		{6E71E620-EEDD-483A-950C-C2CCB42166E7}.Debug|Any CPU.Build.0 = Debug|Any CPU
		{6E71E620-EEDD-483A-950C-C2CCB42166E7}.Release|Any CPU.ActiveCfg = Release|Any CPU
		{6E71E620-EEDD-483A-950C-C2CCB42166E7}.Release|Any CPU.Build.0 = Release|Any CPU
		{7224C099-813D-4D1C-9E28-62E65A47AB49}.Debug|Any CPU.ActiveCfg = Debug|Any CPU
		{7224C099-813D-4D1C-9E28-62E65A47AB49}.Debug|Any CPU.Build.0 = Debug|Any CPU
		{7224C099-813D-4D1C-9E28-62E65A47AB49}.Release|Any CPU.ActiveCfg = Release|Any CPU
		{7224C099-813D-4D1C-9E28-62E65A47AB49}.Release|Any CPU.Build.0 = Release|Any CPU
	EndGlobalSection
	GlobalSection(SolutionProperties) = preSolution
		HideSolutionNode = FALSE
	EndGlobalSection
EndGlobal
